Microsoft Visual Studio Solution File, Format Version 11.00
# Visual Studio 2008

Project("{77165083-0394-E5BA-D982-214CD648CC30}") = "2013220619_1", "Assembly-CSharp-firstpass.csproj", "{5A7EC385-8BEB-E232-BB32-0DA6BEF9696E}"
EndProject
Project("{77165083-0394-E5BA-D982-214CD648CC30}") = "2013220619_1", "Assembly-CSharp.csproj", "{5C9D951E-C59E-29B3-F06D-4BB2E5ECF33F}"
EndProject
Project("{77165083-0394-E5BA-D982-214CD648CC30}") = "2013220619_1", "Assembly-CSharp-Editor.csproj", "{BC88FD1D-F106-0BAB-5106-47CF5E999267}"
EndProject
Project("{77165083-0394-E5BA-D982-214CD648CC30}") = "2013220619_1", "Assembly-UnityScript-firstpass.unityproj", "{A006DD0C-A996-8AE2-DFFA-58CEF0A1E33D}"
EndProject
Project("{77165083-0394-E5BA-D982-214CD648CC30}") = "2013220619_1", "Assembly-UnityScript.unityproj", "{A0E7AF8E-AB3D-8FB9-78D4-9AE7091C961D}"
EndProject
Project("{77165083-0394-E5BA-D982-214CD648CC30}") = "2013220619_1", "Assembly-UnityScript-Editor.unityproj", "{573D3A58-FCA3-35F9-5AA1-71D2CA2DAA51}"
EndProject
Global
	GlobalSection(SolutionConfigurationPlatforms) = preSolution
		Debug|Any CPU = Debug|Any CPU
		Release|Any CPU = Release|Any CPU
	EndGlobalSection
	GlobalSection(ProjectConfigurationPlatforms) = postSolution
		{5A7EC385-8BEB-E232-BB32-0DA6BEF9696E}.Debug|Any CPU.ActiveCfg = Debug|Any CPU
		{5A7EC385-8BEB-E232-BB32-0DA6BEF9696E}.Debug|Any CPU.Build.0 = Debug|Any CPU
		{5A7EC385-8BEB-E232-BB32-0DA6BEF9696E}.Release|Any CPU.ActiveCfg = Release|Any CPU
		{5A7EC385-8BEB-E232-BB32-0DA6BEF9696E}.Release|Any CPU.Build.0 = Release|Any CPU
		{5C9D951E-C59E-29B3-F06D-4BB2E5ECF33F}.Debug|Any CPU.ActiveCfg = Debug|Any CPU
		{5C9D951E-C59E-29B3-F06D-4BB2E5ECF33F}.Debug|Any CPU.Build.0 = Debug|Any CPU
		{5C9D951E-C59E-29B3-F06D-4BB2E5ECF33F}.Release|Any CPU.ActiveCfg = Release|Any CPU
		{5C9D951E-C59E-29B3-F06D-4BB2E5ECF33F}.Release|Any CPU.Build.0 = Release|Any CPU
		{BC88FD1D-F106-0BAB-5106-47CF5E999267}.Debug|Any CPU.ActiveCfg = Debug|Any CPU
		{BC88FD1D-F106-0BAB-5106-47CF5E999267}.Debug|Any CPU.Build.0 = Debug|Any CPU
		{BC88FD1D-F106-0BAB-5106-47CF5E999267}.Release|Any CPU.ActiveCfg = Release|Any CPU
		{BC88FD1D-F106-0BAB-5106-47CF5E999267}.Release|Any CPU.Build.0 = Release|Any CPU
		{A006DD0C-A996-8AE2-DFFA-58CEF0A1E33D}.Debug|Any CPU.ActiveCfg = Debug|Any CPU
		{A006DD0C-A996-8AE2-DFFA-58CEF0A1E33D}.Debug|Any CPU.Build.0 = Debug|Any CPU
		{A006DD0C-A996-8AE2-DFFA-58CEF0A1E33D}.Release|Any CPU.ActiveCfg = Release|Any CPU
		{A006DD0C-A996-8AE2-DFFA-58CEF0A1E33D}.Release|Any CPU.Build.0 = Release|Any CPU
		{A0E7AF8E-AB3D-8FB9-78D4-9AE7091C961D}.Debug|Any CPU.ActiveCfg = Debug|Any CPU
		{A0E7AF8E-AB3D-8FB9-78D4-9AE7091C961D}.Debug|Any CPU.Build.0 = Debug|Any CPU
		{A0E7AF8E-AB3D-8FB9-78D4-9AE7091C961D}.Release|Any CPU.ActiveCfg = Release|Any CPU
		{A0E7AF8E-AB3D-8FB9-78D4-9AE7091C961D}.Release|Any CPU.Build.0 = Release|Any CPU
		{573D3A58-FCA3-35F9-5AA1-71D2CA2DAA51}.Debug|Any CPU.ActiveCfg = Debug|Any CPU
		{573D3A58-FCA3-35F9-5AA1-71D2CA2DAA51}.Debug|Any CPU.Build.0 = Debug|Any CPU
		{573D3A58-FCA3-35F9-5AA1-71D2CA2DAA51}.Release|Any CPU.ActiveCfg = Release|Any CPU
		{573D3A58-FCA3-35F9-5AA1-71D2CA2DAA51}.Release|Any CPU.Build.0 = Release|Any CPU
	EndGlobalSection
	GlobalSection(SolutionProperties) = preSolution
		HideSolutionNode = FALSE
	EndGlobalSection
																																																																																							GlobalSection(MonoDevelopProperties) = preSolution
		StartupItem = Assembly-CSharp.csproj
		Policies = $0
		$0.TextStylePolicy = $1
		$1.inheritsSet = null
		$1.scope = text/x-csharp
		$0.CSharpFormattingPolicy = $2
		$2.inheritsSet = Mono
		$2.inheritsScope = text/x-csharp
		$2.scope = text/x-csharp
		$0.TextStylePolicy = $3
		$3.FileWidth = 120
		$3.TabWidth = 4
		$3.IndentWidth = 4
		$3.EolMarker = Unix
		$3.inheritsSet = Mono
		$3.inheritsScope = text/plain
		$3.scope = text/plain
	EndGlobalSection

EndGlobal
